
Microsoft Visual Studio Solution File, Format Version 12.00
# Visual Studio Version 17
VisualStudioVersion = 17.8.34322.80
MinimumVisualStudioVersion = 10.0.40219.1
Project("{FAE04EC0-301F-11D3-BF4B-00C04F79EFBC}") = "WpfApp1", "WpfApp1.csproj", "{E0CD12F6-676A-4EF6-8303-A89569E73FCC}"
EndProject
Global
	GlobalSection(SolutionConfigurationPlatforms) = preSolution
		Debug|Any CPU = Debug|Any CPU
		Release|Any CPU = Release|Any CPU
	EndGlobalSection
	GlobalSection(ProjectConfigurationPlatforms) = postSolution
		{E0CD12F6-676A-4EF6-8303-A89569E73FCC}.Debug|Any CPU.ActiveCfg = Debug|Any CPU
		{E0CD12F6-676A-4EF6-8303-A89569E73FCC}.Debug|Any CPU.Build.0 = Debug|Any CPU
		{E0CD12F6-676A-4EF6-8303-A89569E73FCC}.Release|Any CPU.ActiveCfg = Release|Any CPU
		{E0CD12F6-676A-4EF6-8303-A89569E73FCC}.Release|Any CPU.Build.0 = Release|Any CPU
	EndGlobalSection
	GlobalSection(SolutionProperties) = preSolution
		HideSolutionNode = FALSE
	EndGlobalSection
	GlobalSection(ExtensibilityGlobals) = postSolution
		SolutionGuid = {14BE37D9-A907-41EC-B004-067C579BFFCB}
	EndGlobalSection
EndGlobal
